
Microsoft Visual Studio Solution File, Format Version 12.00
# Visual Studio Version 17
VisualStudioVersion = 17.1.32421.90
MinimumVisualStudioVersion = 10.0.40219.1
Project("{FAE04EC0-301F-11D3-BF4B-00C04F79EFBC}") = "renklerindili", "renklerindili.csproj", "{0054F073-9D12-41B7-9194-CD492B3AB911}"
EndProject
Global
	GlobalSection(SolutionConfigurationPlatforms) = preSolution
		Debug|Any CPU = Debug|Any CPU
		Release|Any CPU = Release|Any CPU
	EndGlobalSection
	GlobalSection(ProjectConfigurationPlatforms) = postSolution
		{0054F073-9D12-41B7-9194-CD492B3AB911}.Debug|Any CPU.ActiveCfg = Debug|Any CPU
		{0054F073-9D12-41B7-9194-CD492B3AB911}.Debug|Any CPU.Build.0 = Debug|Any CPU
		{0054F073-9D12-41B7-9194-CD492B3AB911}.Release|Any CPU.ActiveCfg = Release|Any CPU
		{0054F073-9D12-41B7-9194-CD492B3AB911}.Release|Any CPU.Build.0 = Release|Any CPU
	EndGlobalSection
	GlobalSection(SolutionProperties) = preSolution
		HideSolutionNode = FALSE
	EndGlobalSection
	GlobalSection(ExtensibilityGlobals) = postSolution
		SolutionGuid = {54B85112-4C87-4D76-AD80-667EC2D6E7A0}
	EndGlobalSection
EndGlobal
